{
  "name": "flutter-chat-server",
  "version": "1.0.0",
  "lockfileVersion": 1,
  "requires": true,
  "dependencies": {
    "uWebSockets.js": {
      "version": "github:uNetworking/uWebSockets.js#1977b5039938ad863d42fc4958d48c17e5a1fa06",
      "from": "github:uNetworking/uWebSockets.js#v20.43.0"
    }
  }
}
